// !$*UTF8*$!
{
	archiveVersion = 1;
	classes = {
	};
	objectVersion = 46;
	objects = {

/* Begin PBXBuildFile section */
		F15947A21CF59E59000056C8 /* AppDelegate.swift in Sources */ = {isa = PBXBuildFile; fileRef = F15947A11CF59E59000056C8 /* AppDelegate.swift */; };
		F15947A41CF59E59000056C8 /* ViewController.swift in Sources */ = {isa = PBXBuildFile; fileRef = F15947A31CF59E59000056C8 /* ViewController.swift */; };
		F15947A71CF59E59000056C8 /* Main.storyboard in Resources */ = {isa = PBXBuildFile; fileRef = F15947A51CF59E59000056C8 /* Main.storyboard */; };
		F15947A91CF59E59000056C8 /* Assets.xcassets in Resources */ = {isa = PBXBuildFile; fileRef = F15947A81CF59E59000056C8 /* Assets.xcassets */; };
		F15947AC1CF59E59000056C8 /* LaunchScreen.storyboard in Resources */ = {isa = PBXBuildFile; fileRef = F15947AA1CF59E59000056C8 /* LaunchScreen.storyboard */; };
/* End PBXBuildFile section */

/* Begin PBXFileReference section */
		F159479E1CF59E59000056C8 /* Train-commander.app */ = {isa = PBXFileReference; explicitFileType = wrapper.application; includeInIndex = 0; path = "Train-commander.app"; sourceTree = BUILT_PRODUCTS_DIR; };
		F15947A11CF59E59000056C8 /* AppDelegate.swift */ = {isa = PBXFileReference; lastKnownFileType = sourcecode.swift; path = AppDelegate.swift; sourceTree = "<group>"; };
		F15947A31CF59E59000056C8 /* ViewController.swift */ = {isa = PBXFileReference; lastKnownFileType = sourcecode.swift; path = ViewController.swift; sourceTree = "<group>"; };
		F15947A61CF59E59000056C8 /* Base */ = {isa = PBXFileReference; lastKnownFileType = file.storyboard; name = Base; path = Base.lproj/Main.storyboard; sourceTree = "<group>"; };
		F15947A81CF59E59000056C8 /* Assets.xcassets */ = {isa = PBXFileReference; lastKnownFileType = folder.assetcatalog; path = Assets.xcassets; sourceTree = "<group>"; };
		F15947AB1CF59E59000056C8 /* Base */ = {isa = PBXFileReference; lastKnownFileType = file.storyboard; name = Base; path = Base.lproj/LaunchScreen.storyboard; sourceTree = "<group>"; };
		F15947AD1CF59E59000056C8 /* Info.plist */ = {isa = PBXFileReference; lastKnownFileType = text.plist.xml; path = Info.plist; sourceTree = "<group>"; };
/* End PBXFileReference section */

/* Begin PBXFrameworksBuildPhase section */
		F159479B1CF59E58000056C8 /* Frameworks */ = {
			isa = PBXFrameworksBuildPhase;
			buildActionMask = 2147483647;
			files = (
			);
			runOnlyForDeploymentPostprocessing = 0;
		};
/* End PBXFrameworksBuildPhase section */

/* Begin PBXGroup section */
		F15947951CF59E58000056C8 = {
			isa = PBXGroup;
			children = (
				F15947A01CF59E59000056C8 /* Train-commander */,
				F159479F1CF59E59000056C8 /* Products */,
			);
			sourceTree = "<group>";
		};
		F159479F1CF59E59000056C8 /* Products */ = {
			isa = PBXGroup;
			children = (
				F159479E1CF59E59000056C8 /* Train-commander.app */,
			);
			name = Products;
			sourceTree = "<group>";
		};
		F15947A01CF59E59000056C8 /* Train-commander */ = {
			isa = PBXGroup;
			children = (
				F15947A11CF59E59000056C8 /* AppDelegate.swift */,
				F15947A31CF59E59000056C8 /* ViewController.swift */,
				F15947A51CF59E59000056C8 /* Main.storyboard */,
				F15947A81CF59E59000056C8 /* Assets.xcassets */,
				F15947AA1CF59E59000056C8 /* LaunchScreen.storyboard */,
				F15947AD1CF59E59000056C8 /* Info.plist */,
			);
			path = "Train-commander";
			sourceTree = "<group>";
		};
/* End PBXGroup section */

/* Begin PBXNativeTarget section */
		F159479D1CF59E58000056C8 /* Train-commander */ = {
			isa = PBXNativeTarget;
			buildConfigurationList = F15947B01CF59E59000056C8 /* Build configuration list for PBXNativeTarget "Train-commander" */;
			buildPhases = (
				F159479A1CF59E58000056C8 /* Sources */,
				F159479B1CF59E58000056C8 /* Frameworks */,
				F159479C1CF59E58000056C8 /* Resources */,
			);
			buildRules = (
			);
			dependencies = (
			);
			name = "Train-commander";
			productName = "Train-commander";
			productReference = F159479E1CF59E59000056C8 /* Train-commander.app */;
			productType = "com.apple.product-type.application";
		};
/* End PBXNativeTarget section */

/* Begin PBXProject section */
		F15947961CF59E58000056C8 /* Project object */ = {
			isa = PBXProject;
			attributes = {
				LastSwiftUpdateCheck = 0710;
				LastUpgradeCheck = 0710;
				ORGANIZATIONNAME = Supinfo;
				TargetAttributes = {
					F159479D1CF59E58000056C8 = {
						CreatedOnToolsVersion = 7.1;
					};
				};
			};
			buildConfigurationList = F15947991CF59E58000056C8 /* Build configuration list for PBXProject "Train-commander" */;
			compatibilityVersion = "Xcode 3.2";
			developmentRegion = English;
			hasScannedForEncodings = 0;
			knownRegions = (
				en,
				Base,
			);
			mainGroup = F15947951CF59E58000056C8;
			productRefGroup = F159479F1CF59E59000056C8 /* Products */;
			projectDirPath = "";
			projectRoot = "";
			targets = (
				F159479D1CF59E58000056C8 /* Train-commander */,
			);
		};
/* End PBXProject section */

/* Begin PBXResourcesBuildPhase section */
		F159479C1CF59E58000056C8 /* Resources */ = {
			isa = PBXResourcesBuildPhase;
			buildActionMask = 2147483647;
			files = (
				F15947AC1CF59E59000056C8 /* LaunchScreen.storyboard in Resources */,
				F15947A91CF59E59000056C8 /* Assets.xcassets in Resources */,
				F15947A71CF59E59000056C8 /* Main.storyboard in Resources */,
			);
			runOnlyForDeploymentPostprocessing = 0;
		};
/* End PBXResourcesBuildPhase section */

/* Begin PBXSourcesBuildPhase section */
		F159479A1CF59E58000056C8 /* Sources */ = {
			isa = PBXSourcesBuildPhase;
			buildActionMask = 2147483647;
			files = (
				F15947A41CF59E59000056C8 /* ViewController.swift in Sources */,
				F15947A21CF59E59000056C8 /* AppDelegate.swift in Sources */,
			);
			runOnlyForDeploymentPostprocessing = 0;
		};
/* End PBXSourcesBuildPhase section */

/* Begin PBXVariantGroup section */
		F15947A51CF59E59000056C8 /* Main.storyboard */ = {
			isa = PBXVariantGroup;
			children = (
				F15947A61CF59E59000056C8 /* Base */,
			);
			name = Main.storyboard;
			sourceTree = "<group>";
		};
		F15947AA1CF59E59000056C8 /* LaunchScreen.storyboard */ = {
			isa = PBXVariantGroup;
			children = (
				F15947AB1CF59E59000056C8 /* Base */,
			);
			name = LaunchScreen.storyboard;
			sourceTree = "<group>";
		};
/* End PBXVariantGroup section */

/* Begin XCBuildConfiguration section */
		F15947AE1CF59E59000056C8 /* Debug */ = {
			isa = XCBuildConfiguration;
			buildSettings = {
				ALWAYS_SEARCH_USER_PATHS = NO;
				CLANG_CXX_LANGUAGE_STANDARD = "gnu++0x";
				CLANG_CXX_LIBRARY = "libc++";
				CLANG_ENABLE_MODULES = YES;
				CLANG_ENABLE_OBJC_ARC = YES;
				CLANG_WARN_BOOL_CONVERSION = YES;
				CLANG_WARN_CONSTANT_CONVERSION = YES;
				CLANG_WARN_DIRECT_OBJC_ISA_USAGE = YES_ERROR;
				CLANG_WARN_EMPTY_BODY = YES;
				CLANG_WARN_ENUM_CONVERSION = YES;
				CLANG_WARN_INT_CONVERSION = YES;
				CLANG_WARN_OBJC_ROOT_CLASS = YES_ERROR;
				CLANG_WARN_UNREACHABLE_CODE = YES;
				CLANG_WARN__DUPLICATE_METHOD_MATCH = YES;
				"CODE_SIGN_IDENTITY[sdk=iphoneos*]" = "iPhone Developer";
				COPY_PHASE_STRIP = NO;
				DEBUG_INFORMATION_FORMAT = dwarf;
				ENABLE_STRICT_OBJC_MSGSEND = YES;
				ENABLE_TESTABILITY = YES;
				GCC_C_LANGUAGE_STANDARD = gnu99;
				GCC_DYNAMIC_NO_PIC = NO;
				GCC_NO_COMMON_BLOCKS = YES;
				GCC_OPTIMIZATION_LEVEL = 0;
				GCC_PREPROCESSOR_DEFINITIONS = (
					"DEBUG=1",
					"$(inherited)",
				);
				GCC_WARN_64_TO_32_BIT_CONVERSION = YES;
				GCC_WARN_ABOUT_RETURN_TYPE = YES_ERROR;
				GCC_WARN_UNDECLARED_SELECTOR = YES;
				GCC_WARN_UNINITIALIZED_AUTOS = YES_AGGRESSIVE;
				GCC_WARN_UNUSED_FUNCTION = YES;
				GCC_WARN_UNUSED_VARIABLE = YES;
				IPHONEOS_DEPLOYMENT_TARGET = 9.1;
				MTL_ENABLE_DEBUG_INFO = YES;
				ONLY_ACTIVE_ARCH = YES;
				SDKROOT = iphoneos;
				SWIFT_OPTIMIZATION_LEVEL = "-Onone";
				TARGETED_DEVICE_FAMILY = "1,2";
			};
			name = Debug;
		};
		F15947AF1CF59E59000056C8 /* Release */ = {
			isa = XCBuildConfiguration;
			buildSettings = {
				ALWAYS_SEARCH_USER_PATHS = NO;
				CLANG_CXX_LANGUAGE_STANDARD = "gnu++0x";
				CLANG_CXX_LIBRARY = "libc++";
				CLANG_ENABLE_MODULES = YES;
				CLANG_ENABLE_OBJC_ARC = YES;
				CLANG_WARN_BOOL_CONVERSION = YES;
				CLANG_WARN_CONSTANT_CONVERSION = YES;
				CLANG_WARN_DIRECT_OBJC_ISA_USAGE = YES_ERROR;
				CLANG_WARN_EMPTY_BODY = YES;
				CLANG_WARN_ENUM_CONVERSION = YES;
				CLANG_WARN_INT_CONVERSION = YES;
				CLANG_WARN_OBJC_ROOT_CLASS = YES_ERROR;
				CLANG_WARN_UNREACHABLE_CODE = YES;
				CLANG_WARN__DUPLICATE_METHOD_MATCH = YES;
				"CODE_SIGN_IDENTITY[sdk=iphoneos*]" = "iPhone Developer";
				COPY_PHASE_STRIP = NO;
				DEBUG_INFORMATION_FORMAT = "dwarf-with-dsym";
				ENABLE_NS_ASSERTIONS = NO;
				ENABLE_STRICT_OBJC_MSGSEND = YES;
				GCC_C_LANGUAGE_STANDARD = gnu99;
				GCC_NO_COMMON_BLOCKS = YES;
				GCC_WARN_64_TO_32_BIT_CONVERSION = YES;
				GCC_WARN_ABOUT_RETURN_TYPE = YES_ERROR;
				GCC_WARN_UNDECLARED_SELECTOR = YES;
				GCC_WARN_UNINITIALIZED_AUTOS = YES_AGGRESSIVE;
				GCC_WARN_UNUSED_FUNCTION = YES;
				GCC_WARN_UNUSED_VARIABLE = YES;
				IPHONEOS_DEPLOYMENT_TARGET = 9.1;
				MTL_ENABLE_DEBUG_INFO = NO;
				SDKROOT = iphoneos;
				TARGETED_DEVICE_FAMILY = "1,2";
				VALIDATE_PRODUCT = YES;
			};
			name = Release;
		};
		F15947B11CF59E59000056C8 /* Debug */ = {
			isa = XCBuildConfiguration;
			buildSettings = {
				ASSETCATALOG_COMPILER_APPICON_NAME = AppIcon;
				INFOPLIST_FILE = "Train-commander/Info.plist";
				LD_RUNPATH_SEARCH_PATHS = "$(inherited) @executable_path/Frameworks";
				PRODUCT_BUNDLE_IDENTIFIER = "com.supinfo.Train-commander";
				PRODUCT_NAME = "$(TARGET_NAME)";
			};
			name = Debug;
		};
		F15947B21CF59E59000056C8 /* Release */ = {
			isa = XCBuildConfiguration;
			buildSettings = {
				ASSETCATALOG_COMPILER_APPICON_NAME = AppIcon;
				INFOPLIST_FILE = "Train-commander/Info.plist";
				LD_RUNPATH_SEARCH_PATHS = "$(inherited) @executable_path/Frameworks";
				PRODUCT_BUNDLE_IDENTIFIER = "com.supinfo.Train-commander";
				PRODUCT_NAME = "$(TARGET_NAME)";
			};
			name = Release;
		};
/* End XCBuildConfiguration section */

/* Begin XCConfigurationList section */
		F15947991CF59E58000056C8 /* Build configuration list for PBXProject "Train-commander" */ = {
			isa = XCConfigurationList;
			buildConfigurations = (
				F15947AE1CF59E59000056C8 /* Debug */,
				F15947AF1CF59E59000056C8 /* Release */,
			);
			defaultConfigurationIsVisible = 0;
			defaultConfigurationName = Release;
		};
		F15947B01CF59E59000056C8 /* Build configuration list for PBXNativeTarget "Train-commander" */ = {
			isa = XCConfigurationList;
			buildConfigurations = (
				F15947B11CF59E59000056C8 /* Debug */,
				F15947B21CF59E59000056C8 /* Release */,
			);
			defaultConfigurationIsVisible = 0;
		};
/* End XCConfigurationList section */
	};
	rootObject = F15947961CF59E58000056C8 /* Project object */;
}
